
Microsoft Visual Studio Solution File, Format Version 12.00
# Visual Studio Version 16
VisualStudioVersion = 16.0.29609.76
MinimumVisualStudioVersion = 10.0.40219.1
Project("{FAE04EC0-301F-11D3-BF4B-00C04F79EFBC}") = "QmsHero", "QmsHero\QmsHero.csproj", "{B0A26B50-200D-4BDE-A7C7-858CB9A453A7}"
EndProject
Project("{FAE04EC0-301F-11D3-BF4B-00C04F79EFBC}") = "QmsHero.Interfaces", "QmsHero.Interfaces\QmsHero.Interfaces.csproj", "{DDEB1286-1385-4782-B578-2F0F85987077}"
EndProject
Project("{FAE04EC0-301F-11D3-BF4B-00C04F79EFBC}") = "QmsHero.Navigation", "QmsHero.Navigation\QmsHero.Navigation.csproj", "{98D560FA-82C5-45F2-A931-C67614985CEE}"
EndProject
Project("{FAE04EC0-301F-11D3-BF4B-00C04F79EFBC}") = "QmsDoc", "QmsDoc\QmsDoc.csproj", "{18E880A8-81A4-42CC-8563-7066AC8D278B}"
EndProject
Global
	GlobalSection(SolutionConfigurationPlatforms) = preSolution
		Debug|Any CPU = Debug|Any CPU
		Release|Any CPU = Release|Any CPU
	EndGlobalSection
	GlobalSection(ProjectConfigurationPlatforms) = postSolution
		{B0A26B50-200D-4BDE-A7C7-858CB9A453A7}.Debug|Any CPU.ActiveCfg = Debug|Any CPU
		{B0A26B50-200D-4BDE-A7C7-858CB9A453A7}.Debug|Any CPU.Build.0 = Debug|Any CPU
		{B0A26B50-200D-4BDE-A7C7-858CB9A453A7}.Release|Any CPU.ActiveCfg = Release|Any CPU
		{B0A26B50-200D-4BDE-A7C7-858CB9A453A7}.Release|Any CPU.Build.0 = Release|Any CPU
		{DDEB1286-1385-4782-B578-2F0F85987077}.Debug|Any CPU.ActiveCfg = Debug|Any CPU
		{DDEB1286-1385-4782-B578-2F0F85987077}.Debug|Any CPU.Build.0 = Debug|Any CPU
		{DDEB1286-1385-4782-B578-2F0F85987077}.Release|Any CPU.ActiveCfg = Release|Any CPU
		{DDEB1286-1385-4782-B578-2F0F85987077}.Release|Any CPU.Build.0 = Release|Any CPU
		{98D560FA-82C5-45F2-A931-C67614985CEE}.Debug|Any CPU.ActiveCfg = Debug|Any CPU
		{98D560FA-82C5-45F2-A931-C67614985CEE}.Debug|Any CPU.Build.0 = Debug|Any CPU
		{98D560FA-82C5-45F2-A931-C67614985CEE}.Release|Any CPU.ActiveCfg = Release|Any CPU
		{98D560FA-82C5-45F2-A931-C67614985CEE}.Release|Any CPU.Build.0 = Release|Any CPU
		{18E880A8-81A4-42CC-8563-7066AC8D278B}.Debug|Any CPU.ActiveCfg = Debug|Any CPU
		{18E880A8-81A4-42CC-8563-7066AC8D278B}.Debug|Any CPU.Build.0 = Debug|Any CPU
		{18E880A8-81A4-42CC-8563-7066AC8D278B}.Release|Any CPU.ActiveCfg = Release|Any CPU
		{18E880A8-81A4-42CC-8563-7066AC8D278B}.Release|Any CPU.Build.0 = Release|Any CPU
	EndGlobalSection
	GlobalSection(SolutionProperties) = preSolution
		HideSolutionNode = FALSE
	EndGlobalSection
	GlobalSection(ExtensibilityGlobals) = postSolution
		SolutionGuid = {E0B8CCBD-BB66-4E68-B6AA-0F8F0F3B70D4}
	EndGlobalSection
EndGlobal
