
Microsoft Visual Studio Solution File, Format Version 12.00
# Visual Studio Version 16
VisualStudioVersion = 16.0.29609.76
MinimumVisualStudioVersion = 10.0.40219.1
Project("{FAE04EC0-301F-11D3-BF4B-00C04F79EFBC}") = "QmsHero", "QmsHero\QmsHero.csproj", "{B0A26B50-200D-4BDE-A7C7-858CB9A453A7}"
EndProject
Project("{FAE04EC0-301F-11D3-BF4B-00C04F79EFBC}") = "QDoc", "QDoc\QDoc.csproj", "{18E880A8-81A4-42CC-8563-7066AC8D278B}"
EndProject
Project("{FAE04EC0-301F-11D3-BF4B-00C04F79EFBC}") = "QmsHero.Test", "QmsHero.Test\QmsHero.Test.csproj", "{D1D8E37D-0680-49A1-8BA0-79A307786BAC}"
EndProject
Project("{FAE04EC0-301F-11D3-BF4B-00C04F79EFBC}") = "QDoc.Test", "QDoc.Test\QDoc.Test.csproj", "{60F3F5BD-76B9-4524-9946-B315CB80C91D}"
EndProject
Project("{FAE04EC0-301F-11D3-BF4B-00C04F79EFBC}") = "QControls", "QControls\QControls.csproj", "{D949B936-F294-4F84-B4F2-6E1F86A932C1}"
EndProject
Project("{FAE04EC0-301F-11D3-BF4B-00C04F79EFBC}") = "QFileUtils", "QFileUtils\QFileUtil.csproj", "{41D7B217-AB9D-4C02-8E2F-83187B5BAA8A}"
EndProject
Project("{FAE04EC0-301F-11D3-BF4B-00C04F79EFBC}") = "QmsDoc", "QmsDoc\QmsDoc.csproj", "{A387F634-3E43-4045-BA55-52D05D6D3BDD}"
EndProject
Project("{FAE04EC0-301F-11D3-BF4B-00C04F79EFBC}") = "QmsDocXml", "QmsDocXml\QmsDocXml.csproj", "{93261315-9128-4BF7-8097-73454C74CFC7}"
EndProject
Global
	GlobalSection(SolutionConfigurationPlatforms) = preSolution
		Debug|Any CPU = Debug|Any CPU
		Release|Any CPU = Release|Any CPU
	EndGlobalSection
	GlobalSection(ProjectConfigurationPlatforms) = postSolution
		{B0A26B50-200D-4BDE-A7C7-858CB9A453A7}.Debug|Any CPU.ActiveCfg = Debug|Any CPU
		{B0A26B50-200D-4BDE-A7C7-858CB9A453A7}.Debug|Any CPU.Build.0 = Debug|Any CPU
		{B0A26B50-200D-4BDE-A7C7-858CB9A453A7}.Release|Any CPU.ActiveCfg = Release|Any CPU
		{B0A26B50-200D-4BDE-A7C7-858CB9A453A7}.Release|Any CPU.Build.0 = Release|Any CPU
		{18E880A8-81A4-42CC-8563-7066AC8D278B}.Debug|Any CPU.ActiveCfg = Debug|Any CPU
		{18E880A8-81A4-42CC-8563-7066AC8D278B}.Debug|Any CPU.Build.0 = Debug|Any CPU
		{18E880A8-81A4-42CC-8563-7066AC8D278B}.Release|Any CPU.ActiveCfg = Release|Any CPU
		{18E880A8-81A4-42CC-8563-7066AC8D278B}.Release|Any CPU.Build.0 = Release|Any CPU
		{D1D8E37D-0680-49A1-8BA0-79A307786BAC}.Debug|Any CPU.ActiveCfg = Debug|Any CPU
		{D1D8E37D-0680-49A1-8BA0-79A307786BAC}.Debug|Any CPU.Build.0 = Debug|Any CPU
		{D1D8E37D-0680-49A1-8BA0-79A307786BAC}.Release|Any CPU.ActiveCfg = Release|Any CPU
		{D1D8E37D-0680-49A1-8BA0-79A307786BAC}.Release|Any CPU.Build.0 = Release|Any CPU
		{60F3F5BD-76B9-4524-9946-B315CB80C91D}.Debug|Any CPU.ActiveCfg = Debug|Any CPU
		{60F3F5BD-76B9-4524-9946-B315CB80C91D}.Debug|Any CPU.Build.0 = Debug|Any CPU
		{60F3F5BD-76B9-4524-9946-B315CB80C91D}.Release|Any CPU.ActiveCfg = Release|Any CPU
		{60F3F5BD-76B9-4524-9946-B315CB80C91D}.Release|Any CPU.Build.0 = Release|Any CPU
		{D949B936-F294-4F84-B4F2-6E1F86A932C1}.Debug|Any CPU.ActiveCfg = Debug|Any CPU
		{D949B936-F294-4F84-B4F2-6E1F86A932C1}.Debug|Any CPU.Build.0 = Debug|Any CPU
		{D949B936-F294-4F84-B4F2-6E1F86A932C1}.Release|Any CPU.ActiveCfg = Release|Any CPU
		{D949B936-F294-4F84-B4F2-6E1F86A932C1}.Release|Any CPU.Build.0 = Release|Any CPU
		{41D7B217-AB9D-4C02-8E2F-83187B5BAA8A}.Debug|Any CPU.ActiveCfg = Debug|Any CPU
		{41D7B217-AB9D-4C02-8E2F-83187B5BAA8A}.Debug|Any CPU.Build.0 = Debug|Any CPU
		{41D7B217-AB9D-4C02-8E2F-83187B5BAA8A}.Release|Any CPU.ActiveCfg = Release|Any CPU
		{41D7B217-AB9D-4C02-8E2F-83187B5BAA8A}.Release|Any CPU.Build.0 = Release|Any CPU
		{A387F634-3E43-4045-BA55-52D05D6D3BDD}.Debug|Any CPU.ActiveCfg = Debug|Any CPU
		{A387F634-3E43-4045-BA55-52D05D6D3BDD}.Debug|Any CPU.Build.0 = Debug|Any CPU
		{A387F634-3E43-4045-BA55-52D05D6D3BDD}.Release|Any CPU.ActiveCfg = Release|Any CPU
		{A387F634-3E43-4045-BA55-52D05D6D3BDD}.Release|Any CPU.Build.0 = Release|Any CPU
		{93261315-9128-4BF7-8097-73454C74CFC7}.Debug|Any CPU.ActiveCfg = Debug|Any CPU
		{93261315-9128-4BF7-8097-73454C74CFC7}.Debug|Any CPU.Build.0 = Debug|Any CPU
		{93261315-9128-4BF7-8097-73454C74CFC7}.Release|Any CPU.ActiveCfg = Release|Any CPU
		{93261315-9128-4BF7-8097-73454C74CFC7}.Release|Any CPU.Build.0 = Release|Any CPU
	EndGlobalSection
	GlobalSection(SolutionProperties) = preSolution
		HideSolutionNode = FALSE
	EndGlobalSection
	GlobalSection(ExtensibilityGlobals) = postSolution
		SolutionGuid = {E0B8CCBD-BB66-4E68-B6AA-0F8F0F3B70D4}
	EndGlobalSection
EndGlobal
